
Microsoft Visual Studio Solution File, Format Version 12.00
# Visual Studio Version 17
VisualStudioVersion = 17.3.32922.545
MinimumVisualStudioVersion = 10.0.40219.1
Project("{FAE04EC0-301F-11D3-BF4B-00C04F79EFBC}") = "BackEnd-ejemplo1", "BackEnd-ejemplo1\BackEnd-ejemplo1.csproj", "{C1E507A2-DFE4-45FC-A9EE-988BDF623E29}"
EndProject
Global
	GlobalSection(SolutionConfigurationPlatforms) = preSolution
		Debug|Any CPU = Debug|Any CPU
		Release|Any CPU = Release|Any CPU
	EndGlobalSection
	GlobalSection(ProjectConfigurationPlatforms) = postSolution
		{C1E507A2-DFE4-45FC-A9EE-988BDF623E29}.Debug|Any CPU.ActiveCfg = Debug|Any CPU
		{C1E507A2-DFE4-45FC-A9EE-988BDF623E29}.Debug|Any CPU.Build.0 = Debug|Any CPU
		{C1E507A2-DFE4-45FC-A9EE-988BDF623E29}.Release|Any CPU.ActiveCfg = Release|Any CPU
		{C1E507A2-DFE4-45FC-A9EE-988BDF623E29}.Release|Any CPU.Build.0 = Release|Any CPU
	EndGlobalSection
	GlobalSection(SolutionProperties) = preSolution
		HideSolutionNode = FALSE
	EndGlobalSection
	GlobalSection(ExtensibilityGlobals) = postSolution
		SolutionGuid = {3B3DB7DC-D7B9-4ED8-BE5C-0C6E8AD6240D}
	EndGlobalSection
EndGlobal
